
Microsoft Visual Studio Solution File, Format Version 12.00
# Visual Studio 2013
VisualStudioVersion = 12.0.30723.0
MinimumVisualStudioVersion = 10.0.40219.1
Project("{E24C65DC-7377-472B-9ABA-BC803B73C61A}") = "Secure Health Website(3)", "http://localhost:50937", "{759BEB30-E5DF-4425-B8E0-B306FE9C94F4}"
	ProjectSection(WebsiteProperties) = preProject
		UseIISExpress = "true"
		TargetFrameworkMoniker = ".NETFramework,Version%3Dv4.5"
		Debug.AspNetCompiler.VirtualPath = "/localhost_50937"
		Debug.AspNetCompiler.PhysicalPath = "..\Secure Health Website.sln (2)\Secure Health Website\"
		Debug.AspNetCompiler.TargetPath = "PrecompiledWeb\localhost_50937\"
		Debug.AspNetCompiler.Updateable = "true"
		Debug.AspNetCompiler.ForceOverwrite = "true"
		Debug.AspNetCompiler.FixedNames = "false"
		Debug.AspNetCompiler.Debug = "True"
		Release.AspNetCompiler.VirtualPath = "/localhost_50937"
		Release.AspNetCompiler.PhysicalPath = "..\Secure Health Website.sln (2)\Secure Health Website\"
		Release.AspNetCompiler.TargetPath = "PrecompiledWeb\localhost_50937\"
		Release.AspNetCompiler.Updateable = "true"
		Release.AspNetCompiler.ForceOverwrite = "true"
		Release.AspNetCompiler.FixedNames = "false"
		Release.AspNetCompiler.Debug = "False"
		SlnRelativePath = "..\Secure Health Website.sln (2)\Secure Health Website\"
	EndProjectSection
EndProject
Global
	GlobalSection(SolutionConfigurationPlatforms) = preSolution
		Debug|Any CPU = Debug|Any CPU
	EndGlobalSection
	GlobalSection(ProjectConfigurationPlatforms) = postSolution
		{759BEB30-E5DF-4425-B8E0-B306FE9C94F4}.Debug|Any CPU.ActiveCfg = Debug|Any CPU
		{759BEB30-E5DF-4425-B8E0-B306FE9C94F4}.Debug|Any CPU.Build.0 = Debug|Any CPU
	EndGlobalSection
	GlobalSection(SolutionProperties) = preSolution
		HideSolutionNode = FALSE
	EndGlobalSection
EndGlobal
